
Microsoft Visual Studio Solution File, Format Version 12.00
# Visual Studio 14
VisualStudioVersion = 14.0.24720.0
MinimumVisualStudioVersion = 10.0.40219.1
Project("{FAE04EC0-301F-11D3-BF4B-00C04F79EFBC}") = "WorkoutApp.DAL", "WorkoutApp.DAL\WorkoutApp.DAL.csproj", "{0E9DE023-6296-4B3C-8202-4D5FFE70972B}"
EndProject
Project("{FAE04EC0-301F-11D3-BF4B-00C04F79EFBC}") = "WorkoutApp.Model", "WorkoutApp.Model\WorkoutApp.Model.csproj", "{556DA46F-A1B3-4AE6-81EC-58963E951769}"
EndProject
Project("{FAE04EC0-301F-11D3-BF4B-00C04F79EFBC}") = "WorkoutApp.WebUI", "WorkoutApp.WebUI\WorkoutApp.WebUI.csproj", "{9299B26B-11BD-4591-A922-F21CD2A85A68}"
EndProject
Global
	GlobalSection(SolutionConfigurationPlatforms) = preSolution
		Debug|Any CPU = Debug|Any CPU
		Release|Any CPU = Release|Any CPU
	EndGlobalSection
	GlobalSection(ProjectConfigurationPlatforms) = postSolution
		{0E9DE023-6296-4B3C-8202-4D5FFE70972B}.Debug|Any CPU.ActiveCfg = Debug|Any CPU
		{0E9DE023-6296-4B3C-8202-4D5FFE70972B}.Debug|Any CPU.Build.0 = Debug|Any CPU
		{0E9DE023-6296-4B3C-8202-4D5FFE70972B}.Release|Any CPU.ActiveCfg = Release|Any CPU
		{0E9DE023-6296-4B3C-8202-4D5FFE70972B}.Release|Any CPU.Build.0 = Release|Any CPU
		{556DA46F-A1B3-4AE6-81EC-58963E951769}.Debug|Any CPU.ActiveCfg = Debug|Any CPU
		{556DA46F-A1B3-4AE6-81EC-58963E951769}.Debug|Any CPU.Build.0 = Debug|Any CPU
		{556DA46F-A1B3-4AE6-81EC-58963E951769}.Release|Any CPU.ActiveCfg = Release|Any CPU
		{556DA46F-A1B3-4AE6-81EC-58963E951769}.Release|Any CPU.Build.0 = Release|Any CPU
		{9299B26B-11BD-4591-A922-F21CD2A85A68}.Debug|Any CPU.ActiveCfg = Debug|Any CPU
		{9299B26B-11BD-4591-A922-F21CD2A85A68}.Debug|Any CPU.Build.0 = Debug|Any CPU
		{9299B26B-11BD-4591-A922-F21CD2A85A68}.Release|Any CPU.ActiveCfg = Release|Any CPU
		{9299B26B-11BD-4591-A922-F21CD2A85A68}.Release|Any CPU.Build.0 = Release|Any CPU
	EndGlobalSection
	GlobalSection(SolutionProperties) = preSolution
		HideSolutionNode = FALSE
	EndGlobalSection
EndGlobal
